
Microsoft Visual Studio Solution File, Format Version 12.00
# Visual Studio 15
VisualStudioVersion = 15.0.27428.1
MinimumVisualStudioVersion = 10.0.40219.1
Project("{9A19103F-16F7-4668-BE54-9A1E7A4F7556}") = "Customer.Web", "Customer.Web\Customer.Web.csproj", "{F6D449A8-87DF-47AC-A2C7-9E0F110C8FBF}"
EndProject
Project("{2150E333-8FDC-42A3-9474-1A3956D46DE8}") = "_tests", "_tests", "{0F5BCFF8-3761-4C2A-879F-A86A50EC9F15}"
EndProject
Project("{FAE04EC0-301F-11D3-BF4B-00C04F79EFBC}") = "Customer.Web.Tests", "_tests\Customer.Web.Tests\Customer.Web.Tests.csproj", "{D72EBF89-B282-4050-B8E4-BCA04721ED80}"
EndProject
Global
	GlobalSection(SolutionConfigurationPlatforms) = preSolution
		Debug|Any CPU = Debug|Any CPU
		Release|Any CPU = Release|Any CPU
	EndGlobalSection
	GlobalSection(ProjectConfigurationPlatforms) = postSolution
		{F6D449A8-87DF-47AC-A2C7-9E0F110C8FBF}.Debug|Any CPU.ActiveCfg = Debug|Any CPU
		{F6D449A8-87DF-47AC-A2C7-9E0F110C8FBF}.Debug|Any CPU.Build.0 = Debug|Any CPU
		{F6D449A8-87DF-47AC-A2C7-9E0F110C8FBF}.Release|Any CPU.ActiveCfg = Release|Any CPU
		{F6D449A8-87DF-47AC-A2C7-9E0F110C8FBF}.Release|Any CPU.Build.0 = Release|Any CPU
		{D72EBF89-B282-4050-B8E4-BCA04721ED80}.Debug|Any CPU.ActiveCfg = Debug|Any CPU
		{D72EBF89-B282-4050-B8E4-BCA04721ED80}.Debug|Any CPU.Build.0 = Debug|Any CPU
		{D72EBF89-B282-4050-B8E4-BCA04721ED80}.Release|Any CPU.ActiveCfg = Release|Any CPU
		{D72EBF89-B282-4050-B8E4-BCA04721ED80}.Release|Any CPU.Build.0 = Release|Any CPU
	EndGlobalSection
	GlobalSection(SolutionProperties) = preSolution
		HideSolutionNode = FALSE
	EndGlobalSection
	GlobalSection(NestedProjects) = preSolution
		{D72EBF89-B282-4050-B8E4-BCA04721ED80} = {0F5BCFF8-3761-4C2A-879F-A86A50EC9F15}
	EndGlobalSection
	GlobalSection(ExtensibilityGlobals) = postSolution
		SolutionGuid = {5C4F904B-CB7E-4839-BECB-109D85226B61}
	EndGlobalSection
EndGlobal
